
Microsoft Visual Studio Solution File, Format Version 12.00
# Visual Studio Version 17
VisualStudioVersion = 17.0.31912.275
MinimumVisualStudioVersion = 10.0.40219.1
Project("{9A19103F-16F7-4668-BE54-9A1E7A4F7556}") = "Dotnet6", "Dotnet6.csproj", "{8E77C1D8-406B-40AE-935D-2B71739761C0}"
EndProject
Global
	GlobalSection(SolutionConfigurationPlatforms) = preSolution
		Debug|Any CPU = Debug|Any CPU
		Release|Any CPU = Release|Any CPU
	EndGlobalSection
	GlobalSection(ProjectConfigurationPlatforms) = postSolution
		{8E77C1D8-406B-40AE-935D-2B71739761C0}.Debug|Any CPU.ActiveCfg = Debug|Any CPU
		{8E77C1D8-406B-40AE-935D-2B71739761C0}.Debug|Any CPU.Build.0 = Debug|Any CPU
		{8E77C1D8-406B-40AE-935D-2B71739761C0}.Release|Any CPU.ActiveCfg = Release|Any CPU
		{8E77C1D8-406B-40AE-935D-2B71739761C0}.Release|Any CPU.Build.0 = Release|Any CPU
	EndGlobalSection
	GlobalSection(SolutionProperties) = preSolution
		HideSolutionNode = FALSE
	EndGlobalSection
	GlobalSection(ExtensibilityGlobals) = postSolution
		SolutionGuid = {0F379FEE-2390-4DD3-AD73-29DB21C82614}
	EndGlobalSection
EndGlobal
